Microsoft Visual Studio Solution File, Format Version 12.00
# Visual Studio Version 17
VisualStudioVersion = 17.5.2.0
MinimumVisualStudioVersion = 10.0.40219.1
Project("{FAE04EC0-301F-11D3-BF4B-00C04F79EFBC}") = "Days", "Days\Days.csproj", "{4731BED3-78C6-F38E-F59C-9A9CC98EB515}"
EndProject
Global
	GlobalSection(SolutionConfigurationPlatforms) = preSolution
		Debug|Any CPU = Debug|Any CPU
		Release|Any CPU = Release|Any CPU
	EndGlobalSection
	GlobalSection(ProjectConfigurationPlatforms) = postSolution
		{4731BED3-78C6-F38E-F59C-9A9CC98EB515}.Debug|Any CPU.ActiveCfg = Debug|Any CPU
		{4731BED3-78C6-F38E-F59C-9A9CC98EB515}.Debug|Any CPU.Build.0 = Debug|Any CPU
		{4731BED3-78C6-F38E-F59C-9A9CC98EB515}.Release|Any CPU.ActiveCfg = Release|Any CPU
		{4731BED3-78C6-F38E-F59C-9A9CC98EB515}.Release|Any CPU.Build.0 = Release|Any CPU
	EndGlobalSection
	GlobalSection(SolutionProperties) = preSolution
		HideSolutionNode = FALSE
	EndGlobalSection
	GlobalSection(ExtensibilityGlobals) = postSolution
		SolutionGuid = {D67C4260-97B6-4B1F-8061-DCE813285D62}
	EndGlobalSection
EndGlobal
